// !$*UTF8*$!
{
    archiveVersion = 1;
    classes = {
    };
    objectVersion = 55;
    objects = {

/* Begin PBXBuildFile section */
        13C78D3E2A7D4F8E00F1A2B3 /* AudioManager.swift in Sources */ = {isa = PBXBuildFile; fileRef = 13C78D3D2A7D4F8E00F1A2B2 /* AudioManager.swift */; };
        13C78D402A7D4F8E00F1A2B3 /* AudioProcessor.swift in Sources */ = {isa = PBXBuildFile; fileRef = 13C78D3F2A7D4F8E00F1A2B2 /* AudioProcessor.swift */; };
        13C78D422A7D4F8E00F1A2B3 /* BenchmarkManager.swift in Sources */ = {isa = PBXBuildFile; fileRef = 13C78D412A7D4F8E00F1A2B2 /* BenchmarkManager.swift */; };
        13C78D442A7D4F8E00F1A2B3 /* ContentView.swift in Sources */ = {isa = PBXBuildFile; fileRef = 13C78D432A7D4F8E00F1A2B2 /* ContentView.swift */; };
        13C78D462A7D4F8E00F1A2B3 /* ResultsView.swift in Sources */ = {isa = PBXBuildFile; fileRef = 13C78D452A7D4F8E00F1A2B2 /* ResultsView.swift */; };
        13C78D482A7D4F8E00F1A2B3 /* BlindTestView.swift in Sources */ = {isa = PBXBuildFile; fileRef = 13C78D472A7D4F8E00F1A2B2 /* BlindTestView.swift */; };
        13C78D4A2A7D4F8E00F1A2B3 /* ContinuousStreamTest.swift in Sources */ = {isa = PBXBuildFile; fileRef = 13C78D492A7D4F8E00F1A2B2 /* ContinuousStreamTest.swift */; };
        13C78D4C2A7D4F8E00F1A2B3 /* AudioUtils.swift in Sources */ = {isa = PBXBuildFile; fileRef = 13C78D4B2A7D4F8E00F1A2B2 /* AudioUtils.swift */; };
        13C78D4E2A7D4F8E00F1A2B3 /* App.swift in Sources */ = {isa = PBXBuildFile; fileRef = 13C78D4D2A7D4F8E00F1A2B2 /* App.swift */; };
        9A00000012A7D4F8E00F1A2B3 /* RNNoiseBridge.c in Sources */ = {isa = PBXBuildFile; fileRef = 9B00000012A7D4F8E00F1A2B2 /* RNNoiseBridge.c */; };
        9A00000022A7D4F8E00F1A2B3 /* celt_lpc.c in Sources */ = {isa = PBXBuildFile; fileRef = 9B00000022A7D4F8E00F1A2B2 /* celt_lpc.c */; };
        9A00000032A7D4F8E00F1A2B3 /* denoise.c in Sources */ = {isa = PBXBuildFile; fileRef = 9B00000032A7D4F8E00F1A2B2 /* denoise.c */; };
        9A00000042A7D4F8E00F1A2B3 /* kiss_fft.c in Sources */ = {isa = PBXBuildFile; fileRef = 9B00000042A7D4F8E00F1A2B2 /* kiss_fft.c */; };
        9A00000052A7D4F8E00F1A2B3 /* nnet.c in Sources */ = {isa = PBXBuildFile; fileRef = 9B00000052A7D4F8E00F1A2B2 /* nnet.c */; };
        9A00000062A7D4F8E00F1A2B3 /* nnet_default.c in Sources */ = {isa = PBXBuildFile; fileRef = 9B00000062A7D4F8E00F1A2B2 /* nnet_default.c */; };
        9A00000072A7D4F8E00F1A2B3 /* pitch.c in Sources */ = {isa = PBXBuildFile; fileRef = 9B00000072A7D4F8E00F1A2B2 /* pitch.c */; };
        9A00000082A7D4F8E00F1A2B3 /* rnn.c in Sources */ = {isa = PBXBuildFile; fileRef = 9B00000082A7D4F8E00F1A2B2 /* rnn.c */; };
        9A00000092A7D4F8E00F1A2B3 /* rnnoise_tables.c in Sources */ = {isa = PBXBuildFile; fileRef = 9B00000092A7D4F8E00F1A2B2 /* rnnoise_tables.c */; };
        9A000000A2A7D4F8E00F1A2B3 /* rnnoise_data.c in Sources */ = {isa = PBXBuildFile; fileRef = 9B000000A2A7D4F8E00F1A2B2 /* rnnoise_data.c */; };
        9A00000C2A7D4F8E00F1A2B3 /* DTLNProcessor.swift in Sources */ = {isa = PBXBuildFile; fileRef = 9B00000C2A7D4F8E00F1A2B2 /* DTLNProcessor.swift */; };
        9A00000D2A7D4F8E00F1A2B3 /* Models in Resources */ = {isa = PBXBuildFile; fileRef = 9B00000D2A7D4F8E00F1A2B2 /* Models */; };
        9A00000E2A7D4F8E00F1A2B3 /* Accelerate.framework in Frameworks */ = {isa = PBXBuildFile; fileRef = 9B00000E2A7D4F8E00F1A2B2 /* Accelerate.framework */; };
/* End PBXBuildFile section */

/* Begin PBXFileReference section */
        13C78D3D2A7D4F8E00F1A2B2 /* AudioManager.swift */ = {isa = PBXFileReference; lastKnownFileType = sourcecode.swift; path = AudioManager.swift; sourceTree = "<group>"; };
        13C78D3F2A7D4F8E00F1A2B2 /* AudioProcessor.swift */ = {isa = PBXFileReference; lastKnownFileType = sourcecode.swift; path = AudioProcessor.swift; sourceTree = "<group>"; };
        13C78D412A7D4F8E00F1A2B2 /* BenchmarkManager.swift */ = {isa = PBXFileReference; lastKnownFileType = sourcecode.swift; path = BenchmarkManager.swift; sourceTree = "<group>"; };
        13C78D432A7D4F8E00F1A2B2 /* ContentView.swift */ = {isa = PBXFileReference; lastKnownFileType = sourcecode.swift; path = ContentView.swift; sourceTree = "<group>"; };
        13C78D452A7D4F8E00F1A2B2 /* ResultsView.swift */ = {isa = PBXFileReference; lastKnownFileType = sourcecode.swift; path = ResultsView.swift; sourceTree = "<group>"; };
        13C78D472A7D4F8E00F1A2B2 /* BlindTestView.swift */ = {isa = PBXFileReference; lastKnownFileType = sourcecode.swift; path = BlindTestView.swift; sourceTree = "<group>"; };
        13C78D492A7D4F8E00F1A2B2 /* ContinuousStreamTest.swift */ = {isa = PBXFileReference; lastKnownFileType = sourcecode.swift; path = ContinuousStreamTest.swift; sourceTree = "<group>"; };
        13C78D4B2A7D4F8E00F1A2B2 /* AudioUtils.swift */ = {isa = PBXFileReference; lastKnownFileType = sourcecode.swift; path = AudioUtils.swift; sourceTree = "<group>"; };
        13C78D4D2A7D4F8E00F1A2B2 /* App.swift */ = {isa = PBXFileReference; lastKnownFileType = sourcecode.swift; path = App.swift; sourceTree = "<group>"; };
        9C0000012A7D4F8E00F1A2B2 /* RNNoiseBridge.h */ = {isa = PBXFileReference; lastKnownFileType = sourcecode.c.h; path = RNNoiseBridge.h; sourceTree = "<group>"; };
        9B00000012A7D4F8E00F1A2B2 /* RNNoiseBridge.c */ = {isa = PBXFileReference; lastKnownFileType = sourcecode.c.c; path = RNNoiseBridge.c; sourceTree = "<group>"; };
        9B00000022A7D4F8E00F1A2B2 /* celt_lpc.c */ = {isa = PBXFileReference; lastKnownFileType = sourcecode.c.c; path = DSP/RNNoise/celt_lpc.c; sourceTree = "<group>"; };
        9B00000032A7D4F8E00F1A2B2 /* denoise.c */ = {isa = PBXFileReference; lastKnownFileType = sourcecode.c.c; path = DSP/RNNoise/denoise.c; sourceTree = "<group>"; };
        9B00000042A7D4F8E00F1A2B2 /* kiss_fft.c */ = {isa = PBXFileReference; lastKnownFileType = sourcecode.c.c; path = DSP/RNNoise/kiss_fft.c; sourceTree = "<group>"; };
        9B00000052A7D4F8E00F1A2B2 /* nnet.c */ = {isa = PBXFileReference; lastKnownFileType = sourcecode.c.c; path = DSP/RNNoise/nnet.c; sourceTree = "<group>"; };
        9B00000062A7D4F8E00F1A2B2 /* nnet_default.c */ = {isa = PBXFileReference; lastKnownFileType = sourcecode.c.c; path = DSP/RNNoise/nnet_default.c; sourceTree = "<group>"; };
        9B00000072A7D4F8E00F1A2B2 /* pitch.c */ = {isa = PBXFileReference; lastKnownFileType = sourcecode.c.c; path = DSP/RNNoise/pitch.c; sourceTree = "<group>"; };
        9B00000082A7D4F8E00F1A2B2 /* rnn.c */ = {isa = PBXFileReference; lastKnownFileType = sourcecode.c.c; path = DSP/RNNoise/rnn.c; sourceTree = "<group>"; };
        9B00000092A7D4F8E00F1A2B2 /* rnnoise_tables.c */ = {isa = PBXFileReference; lastKnownFileType = sourcecode.c.c; path = DSP/RNNoise/rnnoise_tables.c; sourceTree = "<group>"; };
        9B000000A2A7D4F8E00F1A2B2 /* rnnoise_data.c */ = {isa = PBXFileReference; lastKnownFileType = sourcecode.c.c; path = DSP/RNNoise/rnnoise_data.c; sourceTree = "<group>"; };
        9B00000C2A7D4F8E00F1A2B2 /* DTLNProcessor.swift */ = {isa = PBXFileReference; lastKnownFileType = sourcecode.swift; path = DTLNProcessor.swift; sourceTree = "<group>"; };
        9B00000D2A7D4F8E00F1A2B2 /* Models */ = {isa = PBXFileReference; lastKnownFileType = folder; path = Resources/Models; sourceTree = "<group>"; };
        13C78D512A7D4F8E00F1A2B2 /* Info.plist */ = {isa = PBXFileReference; lastKnownFileType = text.plist.xml; path = Info.plist; sourceTree = "<group>"; };
        13C78D532A7D4F8E00F1A2B2 /* VibeTalkAudioLab.app */ = {isa = PBXFileReference; explicitFileType = wrapper.application; includeInIndex = 0; path = VibeTalkAudioLab.app; sourceTree = BUILT_PRODUCTS_DIR; };
        9B00000E2A7D4F8E00F1A2B2 /* Accelerate.framework */ = {isa = PBXFileReference; lastKnownFileType = wrapper.framework; name = Accelerate.framework; path = System/Library/Frameworks/Accelerate.framework; sourceTree = SDKROOT; };
/* End PBXFileReference section */

/* Begin PBXFrameworksBuildPhase section */
        13C78D362A7D4F8E00F1A2B3 /* Frameworks */ = {
            isa = PBXFrameworksBuildPhase;
            buildActionMask = 2147483647;
            files = (
                9A00000E2A7D4F8E00F1A2B3 /* Accelerate.framework in Frameworks */,
            );
            runOnlyForDeploymentPostprocessing = 0;
        };
/* End PBXFrameworksBuildPhase section */

/* Begin PBXGroup section */
        13C78D2E2A7D4F8E00F1A2B2 /* VibeTalkAudioLab */ = {
            isa = PBXGroup;
            children = (
                13C78D4D2A7D4F8E00F1A2B2 /* App.swift */,
                13C78D432A7D4F8E00F1A2B2 /* ContentView.swift */,
                13C78D3D2A7D4F8E00F1A2B2 /* AudioManager.swift */,
                13C78D3F2A7D4F8E00F1A2B2 /* AudioProcessor.swift */,
                13C78D412A7D4F8E00F1A2B2 /* BenchmarkManager.swift */,
                13C78D452A7D4F8E00F1A2B2 /* ResultsView.swift */,
                13C78D472A7D4F8E00F1A2B2 /* BlindTestView.swift */,
                13C78D492A7D4F8E00F1A2B2 /* ContinuousStreamTest.swift */,
                13C78D4B2A7D4F8E00F1A2B2 /* AudioUtils.swift */,
                9C0000012A7D4F8E00F1A2B2 /* RNNoiseBridge.h */,
                9B00000012A7D4F8E00F1A2B2 /* RNNoiseBridge.c */,
                9B00000022A7D4F8E00F1A2B2 /* celt_lpc.c */,
                9B00000032A7D4F8E00F1A2B2 /* denoise.c */,
                9B00000042A7D4F8E00F1A2B2 /* kiss_fft.c */,
                9B00000052A7D4F8E00F1A2B2 /* nnet.c */,
                9B00000062A7D4F8E00F1A2B2 /* nnet_default.c */,
                9B00000072A7D4F8E00F1A2B2 /* pitch.c */,
                9B00000082A7D4F8E00F1A2B2 /* rnn.c */,
                9B00000092A7D4F8E00F1A2B2 /* rnnoise_tables.c */,
                9B000000A2A7D4F8E00F1A2B2 /* rnnoise_data.c */,
                9B00000C2A7D4F8E00F1A2B2 /* DTLNProcessor.swift */,
                9B00000D2A7D4F8E00F1A2B2 /* Models */,
                13C78D512A7D4F8E00F1A2B2 /* Info.plist */,
            );
            path = VibeTalkAudioLab;
            sourceTree = "<group>";
        };
        13C78D2F2A7D4F8E00F1A2B2 /* Products */ = {
            isa = PBXGroup;
            children = (
                13C78D532A7D4F8E00F1A2B2 /* VibeTalkAudioLab.app */,
            );
            name = Products;
            sourceTree = "<group>";
        };
/* End PBXGroup section */

/* Begin PBXNativeTarget section */
        13C78D382A7D4F8E00F1A2B2 /* VibeTalkAudioLab */ = {
            isa = PBXNativeTarget;
            buildConfigurationList = 13C78D562A7D4F8E00F1A2B2 /* Build configuration list for PBXNativeTarget "VibeTalkAudioLab" */;
            buildPhases = (
                13C78D352A7D4F8E00F1A2B3 /* Sources */,
                13C78D362A7D4F8E00F1A2B3 /* Frameworks */,
                13C78D372A7D4F8E00F1A2B3 /* Resources */,
            );
            buildRules = (
            );
            dependencies = (
            );
            packageProductDependencies = (
                9E0000012A7D4F8E00F1A2B3 /* onnxruntime */,
            );
            name = VibeTalkAudioLab;
            productName = VibeTalkAudioLab;
            productReference = 13C78D532A7D4F8E00F1A2B2 /* VibeTalkAudioLab.app */;
            productType = "com.apple.product-type.application";
        };
/* End PBXNativeTarget section */

/* Begin PBXProject section */
        13C78D2D2A7D4F8E00F1A2B2 /* Project object */ = {
            isa = PBXProject;
            attributes = {
                BuildSystemType = Latest;
                LastSwiftUpdateCheck = 1430;
                LastUpgradeCheck = 1430;
                TargetAttributes = {
                    13C78D382A7D4F8E00F1A2B2 = {};
                };
            };
            buildConfigurationList = 13C78D302A7D4F8E00F1A2B2 /* Build configuration list for PBXProject "VibeTalkAudioLab" */;
            compatibilityVersion = "Xcode 14.0";
            developmentRegion = en;
            hasScannedForEncodings = 0;
            knownRegions = (
                en,
                Base,
            );
            mainGroup = 13C78D2C2A7D4F8E00F1A2B2 /* VibeTalkAudioLab */;
            productRefGroup = 13C78D2F2A7D4F8E00F1A2B2 /* Products */; 
            projectDirPath = "";
            projectRoot = "";
            targets = (
                13C78D382A7D4F8E00F1A2B2 /* VibeTalkAudioLab */,
            );
        };
/* End PBXProject section */

/* Begin PBXResourcesBuildPhase section */
        13C78D372A7D4F8E00F1A2B3 /* Resources */ = {
            isa = PBXResourcesBuildPhase;
            buildActionMask = 2147483647;
            files = (
                9A00000D2A7D4F8E00F1A2B3 /* Models in Resources */,
            );
            runOnlyForDeploymentPostprocessing = 0;
        };
/* End PBXResourcesBuildPhase section */

/* Begin PBXSourcesBuildPhase section */
        13C78D352A7D4F8E00F1A2B3 /* Sources */ = {
            isa = PBXSourcesBuildPhase;
            buildActionMask = 2147483647;
            files = (
                13C78D4E2A7D4F8E00F1A2B3 /* App.swift in Sources */,
                13C78D442A7D4F8E00F1A2B3 /* ContentView.swift in Sources */,
                13C78D3E2A7D4F8E00F1A2B3 /* AudioManager.swift in Sources */,
                13C78D402A7D4F8E00F1A2B3 /* AudioProcessor.swift in Sources */,
                13C78D422A7D4F8E00F1A2B3 /* BenchmarkManager.swift in Sources */,
                13C78D462A7D4F8E00F1A2B3 /* ResultsView.swift in Sources */,
                13C78D482A7D4F8E00F1A2B3 /* BlindTestView.swift in Sources */,
                13C78D4A2A7D4F8E00F1A2B3 /* ContinuousStreamTest.swift in Sources */,
                13C78D4C2A7D4F8E00F1A2B3 /* AudioUtils.swift in Sources */,
                9A00000012A7D4F8E00F1A2B3 /* RNNoiseBridge.c in Sources */,
                9A00000022A7D4F8E00F1A2B3 /* celt_lpc.c in Sources */,
                9A00000032A7D4F8E00F1A2B3 /* denoise.c in Sources */,
                9A00000042A7D4F8E00F1A2B3 /* kiss_fft.c in Sources */,
                9A00000052A7D4F8E00F1A2B3 /* nnet.c in Sources */,
                9A00000062A7D4F8E00F1A2B3 /* nnet_default.c in Sources */,
                9A00000072A7D4F8E00F1A2B3 /* pitch.c in Sources */,
                9A00000082A7D4F8E00F1A2B3 /* rnn.c in Sources */,
                9A00000092A7D4F8E00F1A2B3 /* rnnoise_tables.c in Sources */,
                9A000000A2A7D4F8E00F1A2B3 /* rnnoise_data.c in Sources */,
                9A00000C2A7D4F8E00F1A2B3 /* DTLNProcessor.swift in Sources */,
            );
            runOnlyForDeploymentPostprocessing = 0;
        };
/* End PBXSourcesBuildPhase section */

/* Begin XCBuildConfiguration section */
        13C78D542A7D4F8E00F1A2B2 /* Debug */ = {
            isa = XCBuildConfiguration;
            buildSettings = {
                ALWAYS_SEARCH_USER_PATHS = NO;
                CLANG_ANALYZER_NONNULL = YES;
                CLANG_ANALYZER_NUMBER_OBJECT_CONVERSION = YES_AGGRESSIVE;
                CLANG_CXX_LANGUAGE_STANDARD = "gnu++17";
                CLANG_CXX_LIBRARY = "libc++";
                CLANG_ENABLE_MODULES = YES;
                CLANG_ENABLE_OBJC_ARC = YES;
                CLANG_ENABLE_OBJC_WEAK = YES;
                CLANG_WARN_BLOCK_CAPTURE_AUTORELEASING = YES;
                CLANG_WARN_BOOL_CONVERSION = YES;
                CLANG_WARN_COMMA = YES;
                CLANG_WARN_CONSTANT_CONVERSION = YES;
                CLANG_WARN_DEPRECATED_OBJC_IMPLEMENTATIONS = YES;
                CLANG_WARN_DIRECT_OBJC_ISA_USAGE = YES_ERROR;
                CLANG_WARN_DOCUMENTATION_COMMENTS = YES;
                CLANG_WARN_EMPTY_BODY = YES;
                CLANG_WARN_ENUM_CONVERSION = YES;
                CLANG_WARN_INFINITE_RECURSION = YES;
                CLANG_WARN_INT_CONVERSION = YES;
                CLANG_WARN_NON_LITERAL_NULL_CONVERSION = YES;
                CLANG_WARN_OBJC_IMPLICIT_RETAIN_SELF = YES;
                CLANG_WARN_OBJC_LITERAL_CONVERSION = YES;
                CLANG_WARN_OBJC_ROOT_CLASS = YES_ERROR;
                CLANG_WARN_RANGE_LOOP_ANALYSIS = YES;
                CLANG_WARN_STRICT_PROTOTYPES = YES;
                CLANG_WARN_SUSPICIOUS_MOVE = YES;
                CLANG_WARN_UNGUARDED_AVAILABILITY = YES_AGGRESSIVE;
                CLANG_WARN_UNREACHABLE_CODE = YES;
                CLANG_WARN__DUPLICATE_METHOD_MATCH = YES;
                COPY_PHASE_STRIP = NO;
                DEBUG_INFORMATION_FORMAT = dwarf;
                ENABLE_NS_ASSERTIONS = YES;
                ENABLE_STRICT_OBJC_MSGSEND = YES;
                GCC_C_LANGUAGE_STANDARD = gnu11;
                GCC_DYNAMIC_NO_PIC = NO;
                GCC_OPTIMIZATION_LEVEL = 0;
                GCC_PREPROCESSOR_DEFINITIONS = (
                    "DEBUG=1",
                    "$(inherited)",
                );
                GCC_SYMBOLS_PRIVATE_EXTERN = NO;
                MTL_ENABLE_DEBUG_INFO = INCLUDE_SOURCE;
                MTL_FAST_MATH = YES;
                ONLY_ACTIVE_ARCH = YES;
                SDKROOT = iphoneos;
                    PRODUCT_BUNDLE_IDENTIFIER = "com.siasoft.vibetalkaudiolab";
                HEADER_SEARCH_PATHS = ("$(SRCROOT)/VibeTalkAudioLab/DSP/RNNoise",);
                SWIFT_OBJC_BRIDGING_HEADER = "$(SRCROOT)/VibeTalkAudioLab/VibeTalkAudioLab-Bridging-Header.h";
                LIBRARY_SEARCH_PATHS = "$(inherited) $(PROJECT_DIR)/Vendor/DeepFilter";
                OTHER_LDFLAGS = "$(inherited) -lvibetalk_df_bridge";
                SWIFT_ACTIVE_COMPILATION_CONDITIONS = DEBUG;
                SWIFT_EMIT_LOC_STRINGS = YES;
                SWIFT_OPTIMIZATION_LEVEL = "-Onone";
                TARGETED_DEVICE_FAMILY = "1,2";
            };
            name = Debug;
        };
        13C78D552A7D4F8E00F1A2B2 /* Release */ = {
            isa = XCBuildConfiguration;
            buildSettings = {
                ALWAYS_SEARCH_USER_PATHS = NO;
                CLANG_ANALYZER_NONNULL = YES;
                CLANG_ANALYZER_NUMBER_OBJECT_CONVERSION = YES_AGGRESSIVE;
                CLANG_CXX_LANGUAGE_STANDARD = "gnu++17";
                CLANG_CXX_LIBRARY = "libc++";
                CLANG_ENABLE_MODULES = YES;
                CLANG_ENABLE_OBJC_ARC = YES;
                CLANG_ENABLE_OBJC_WEAK = YES;
                CLANG_WARN_BLOCK_CAPTURE_AUTORELEASING = YES;
                CLANG_WARN_BOOL_CONVERSION = YES;
                CLANG_WARN_COMMA = YES;
                CLANG_WARN_CONSTANT_CONVERSION = YES;
                CLANG_WARN_DEPRECATED_OBJC_IMPLEMENTATIONS = YES;
                CLANG_WARN_DIRECT_OBJC_ISA_USAGE = YES_ERROR;
                CLANG_WARN_DOCUMENTATION_COMMENTS = YES;
                CLANG_WARN_EMPTY_BODY = YES;
                CLANG_WARN_ENUM_CONVERSION = YES;
                CLANG_WARN_INFINITE_RECURSION = YES;
                CLANG_WARN_INT_CONVERSION = YES;
                CLANG_WARN_NON_LITERAL_NULL_CONVERSION = YES;
                CLANG_WARN_OBJC_IMPLICIT_RETAIN_SELF = YES;
                CLANG_WARN_OBJC_LITERAL_CONVERSION = YES;
                CLANG_WARN_OBJC_ROOT_CLASS = YES_ERROR;
                CLANG_WARN_RANGE_LOOP_ANALYSIS = YES;
                CLANG_WARN_STRICT_PROTOTYPES = YES;
                CLANG_WARN_SUSPICIOUS_MOVE = YES;
                CLANG_WARN_UNGUARDED_AVAILABILITY = YES_AGGRESSIVE;
                CLANG_WARN_UNREACHABLE_CODE = YES;
                CLANG_WARN__DUPLICATE_METHOD_MATCH = YES;
                COPY_PHASE_STRIP = YES;
                DEBUG_INFORMATION_FORMAT = "dwarf-with-dsym";
                ENABLE_NS_ASSERTIONS = NO;
                ENABLE_STRICT_OBJC_MSGSEND = YES;
                GCC_C_LANGUAGE_STANDARD = gnu11;
                GCC_OPTIMIZATION_LEVEL = s;
                GCC_PREPROCESSOR_DEFINITIONS = (
                    "$(inherited)",
                );
                MTL_ENABLE_DEBUG_INFO = NO;
                MTL_FAST_MATH = YES;
                SDKROOT = iphoneos;
                    PRODUCT_BUNDLE_IDENTIFIER = "com.siasoft.vibetalkaudiolab";
                HEADER_SEARCH_PATHS = ("$(SRCROOT)/VibeTalkAudioLab/DSP/RNNoise",);
                SWIFT_OBJC_BRIDGING_HEADER = "$(SRCROOT)/VibeTalkAudioLab/VibeTalkAudioLab-Bridging-Header.h";
                LIBRARY_SEARCH_PATHS = "$(inherited) $(PROJECT_DIR)/Vendor/DeepFilter";
                OTHER_LDFLAGS = "$(inherited) -lvibetalk_df_bridge";
                SWIFT_ACTIVE_COMPILATION_CONDITIONS = "";
                SWIFT_OPTIMIZATION_LEVEL = "-Owholemodule";
                TARGETED_DEVICE_FAMILY = "1,2";
            };
            name = Release;
        };
        13C78D562A7D4F8E00F1A2B2 /* Build configuration list for PBXNativeTarget "VibeTalkAudioLab" */ = {
            isa = XCConfigurationList;
            buildConfigurations = (
                13C78D542A7D4F8E00F1A2B2 /* Debug */,
                13C78D552A7D4F8E00F1A2B2 /* Release */,
            );
            defaultConfigurationIsVisible = 0;
            defaultConfigurationName = Release;
        };
        13C78D302A7D4F8E00F1A2B2 /* Build configuration list for PBXProject "VibeTalkAudioLab" */ = {
            isa = XCConfigurationList;
            buildConfigurations = (
                13C78D542A7D4F8E00F1A2B2 /* Debug */,
                13C78D552A7D4F8E00F1A2B2 /* Release */,
            );
            defaultConfigurationIsVisible = 0;
            defaultConfigurationName = Release;
        };
/* End XCBuildConfiguration section */

/* Begin XCSwiftPackageProductDependency section */
        9E0000012A7D4F8E00F1A2B3 /* onnxruntime */ = {
            isa = XCSwiftPackageProductDependency;
            package = 9E0000022A7D4F8E00F1A2B3 /* XCRemoteSwiftPackageReference "onnxruntime" */;
            productName = onnxruntime;
        };
/* End XCSwiftPackageProductDependency section */

/* Begin XCRemoteSwiftPackageReference section */
        13C78D572A7D4F8E00F1A2B3 /* Swift Package Reference */ = {
            isa = XCRemoteSwiftPackageReference;
            repositoryURL = "https://github.com/apple/swift-protobuf";
            requirement = {
                kind = upToNextMajorVersion;
                minimumVersion = "1.0.0";
            };
        };
        9E0000022A7D4F8E00F1A2B3 /* XCRemoteSwiftPackageReference "onnxruntime" */ = {
            isa = XCRemoteSwiftPackageReference;
            repositoryURL = "https://github.com/microsoft/onnxruntime-swift-package-manager";
            requirement = {
                kind = exactVersion;
                version = "1.20.0";
            };
        };
/* End XCRemoteSwiftPackageReference section */

    };
    rootObject = 13C78D2D2A7D4F8E00F1A2B2 /* Project object */;
}